// !$*UTF8*$!
{
	archiveVersion = 1;
	classes = {
	};
	objectVersion = 56;
	objects = {

/* Begin PBXBuildFile section */
		B8D2ED472A053BA60040F198 /* ThemeEngine.h in Headers */ = {isa = PBXBuildFile; fileRef = B8D2ED442A053BA60040F198 /* ThemeEngine.h */; settings = {ATTRIBUTES = (Public, ); }; };
		B8D2ED4E2A053BBC0040F198 /* ThemeEngine.swift in Sources */ = {isa = PBXBuildFile; fileRef = B8D2ED4D2A053BBC0040F198 /* ThemeEngine.swift */; };
		B8D2ED5E2A054C1C0040F198 /* ThemeColorKey.swift in Sources */ = {isa = PBXBuildFile; fileRef = B8D2ED5D2A054C1C0040F198 /* ThemeColorKey.swift */; };
		B8D2ED602A054C330040F198 /* Theme.swift in Sources */ = {isa = PBXBuildFile; fileRef = B8D2ED5F2A054C320040F198 /* Theme.swift */; };
		B8D2ED652A054C930040F198 /* ThemeManager.swift in Sources */ = {isa = PBXBuildFile; fileRef = B8D2ED642A054C930040F198 /* ThemeManager.swift */; };
		B8D2ED692A059FC90040F198 /* UIView+Ext.swift in Sources */ = {isa = PBXBuildFile; fileRef = B8D2ED682A059FC90040F198 /* UIView+Ext.swift */; };
		B8D2ED6B2A05A1970040F198 /* ThemeApplicable.swift in Sources */ = {isa = PBXBuildFile; fileRef = B8D2ED6A2A05A1970040F198 /* ThemeApplicable.swift */; };
		B8D2ED6D2A060EAF0040F198 /* UIViewDeallocHandler.swift in Sources */ = {isa = PBXBuildFile; fileRef = B8D2ED6C2A060EAF0040F198 /* UIViewDeallocHandler.swift */; };
		B8D2ED6F2A060FEE0040F198 /* Notification+Ext.swift in Sources */ = {isa = PBXBuildFile; fileRef = B8D2ED6E2A060FEE0040F198 /* Notification+Ext.swift */; };
/* End PBXBuildFile section */

/* Begin PBXFileReference section */
		B8D2ED412A053BA60040F198 /* ThemeEngine.framework */ = {isa = PBXFileReference; explicitFileType = wrapper.framework; includeInIndex = 0; path = ThemeEngine.framework; sourceTree = BUILT_PRODUCTS_DIR; };
		B8D2ED442A053BA60040F198 /* ThemeEngine.h */ = {isa = PBXFileReference; lastKnownFileType = sourcecode.c.h; path = ThemeEngine.h; sourceTree = "<group>"; };
		B8D2ED4D2A053BBC0040F198 /* ThemeEngine.swift */ = {isa = PBXFileReference; lastKnownFileType = sourcecode.swift; path = ThemeEngine.swift; sourceTree = "<group>"; };
		B8D2ED5B2A054BEB0040F198 /* ThemeEngine.docc */ = {isa = PBXFileReference; lastKnownFileType = folder.documentationcatalog; path = ThemeEngine.docc; sourceTree = "<group>"; };
		B8D2ED5D2A054C1C0040F198 /* ThemeColorKey.swift */ = {isa = PBXFileReference; lastKnownFileType = sourcecode.swift; path = ThemeColorKey.swift; sourceTree = "<group>"; };
		B8D2ED5F2A054C320040F198 /* Theme.swift */ = {isa = PBXFileReference; lastKnownFileType = sourcecode.swift; path = Theme.swift; sourceTree = "<group>"; };
		B8D2ED642A054C930040F198 /* ThemeManager.swift */ = {isa = PBXFileReference; lastKnownFileType = sourcecode.swift; path = ThemeManager.swift; sourceTree = "<group>"; };
		B8D2ED682A059FC90040F198 /* UIView+Ext.swift */ = {isa = PBXFileReference; lastKnownFileType = sourcecode.swift; path = "UIView+Ext.swift"; sourceTree = "<group>"; };
		B8D2ED6A2A05A1970040F198 /* ThemeApplicable.swift */ = {isa = PBXFileReference; lastKnownFileType = sourcecode.swift; path = ThemeApplicable.swift; sourceTree = "<group>"; };
		B8D2ED6C2A060EAF0040F198 /* UIViewDeallocHandler.swift */ = {isa = PBXFileReference; lastKnownFileType = sourcecode.swift; path = UIViewDeallocHandler.swift; sourceTree = "<group>"; };
		B8D2ED6E2A060FEE0040F198 /* Notification+Ext.swift */ = {isa = PBXFileReference; lastKnownFileType = sourcecode.swift; path = "Notification+Ext.swift"; sourceTree = "<group>"; };
/* End PBXFileReference section */

/* Begin PBXFrameworksBuildPhase section */
		B8D2ED3E2A053BA60040F198 /* Frameworks */ = {
			isa = PBXFrameworksBuildPhase;
			buildActionMask = 2147483647;
			files = (
			);
			runOnlyForDeploymentPostprocessing = 0;
		};
/* End PBXFrameworksBuildPhase section */

/* Begin PBXGroup section */
		B8D2ED372A053BA60040F198 = {
			isa = PBXGroup;
			children = (
				B8D2ED432A053BA60040F198 /* ThemeEngine */,
				B8D2ED422A053BA60040F198 /* Products */,
			);
			sourceTree = "<group>";
		};
		B8D2ED422A053BA60040F198 /* Products */ = {
			isa = PBXGroup;
			children = (
				B8D2ED412A053BA60040F198 /* ThemeEngine.framework */,
			);
			name = Products;
			sourceTree = "<group>";
		};
		B8D2ED432A053BA60040F198 /* ThemeEngine */ = {
			isa = PBXGroup;
			children = (
				B8D2ED5B2A054BEB0040F198 /* ThemeEngine.docc */,
				B8D2ED5C2A054BF60040F198 /* SupportingFiles */,
				B8D2ED612A054C590040F198 /* Extensions */,
				B8D2ED562A054BD30040F198 /* Root */,
			);
			path = ThemeEngine;
			sourceTree = "<group>";
		};
		B8D2ED562A054BD30040F198 /* Root */ = {
			isa = PBXGroup;
			children = (
				B8D2ED4D2A053BBC0040F198 /* ThemeEngine.swift */,
				B8D2ED6A2A05A1970040F198 /* ThemeApplicable.swift */,
				B8D2ED5D2A054C1C0040F198 /* ThemeColorKey.swift */,
				B8D2ED642A054C930040F198 /* ThemeManager.swift */,
				B8D2ED5F2A054C320040F198 /* Theme.swift */,
			);
			path = Root;
			sourceTree = "<group>";
		};
		B8D2ED5C2A054BF60040F198 /* SupportingFiles */ = {
			isa = PBXGroup;
			children = (
				B8D2ED442A053BA60040F198 /* ThemeEngine.h */,
			);
			path = SupportingFiles;
			sourceTree = "<group>";
		};
		B8D2ED612A054C590040F198 /* Extensions */ = {
			isa = PBXGroup;
			children = (
				B8D2ED6E2A060FEE0040F198 /* Notification+Ext.swift */,
				B8D2ED6C2A060EAF0040F198 /* UIViewDeallocHandler.swift */,
				B8D2ED682A059FC90040F198 /* UIView+Ext.swift */,
			);
			path = Extensions;
			sourceTree = "<group>";
		};
/* End PBXGroup section */

/* Begin PBXHeadersBuildPhase section */
		B8D2ED3C2A053BA60040F198 /* Headers */ = {
			isa = PBXHeadersBuildPhase;
			buildActionMask = 2147483647;
			files = (
				B8D2ED472A053BA60040F198 /* ThemeEngine.h in Headers */,
			);
			runOnlyForDeploymentPostprocessing = 0;
		};
/* End PBXHeadersBuildPhase section */

/* Begin PBXNativeTarget section */
		B8D2ED402A053BA60040F198 /* ThemeEngine */ = {
			isa = PBXNativeTarget;
			buildConfigurationList = B8D2ED4A2A053BA60040F198 /* Build configuration list for PBXNativeTarget "ThemeEngine" */;
			buildPhases = (
				B8D2ED3C2A053BA60040F198 /* Headers */,
				B8D2ED3D2A053BA60040F198 /* Sources */,
				B8D2ED3E2A053BA60040F198 /* Frameworks */,
				B8D2ED3F2A053BA60040F198 /* Resources */,
			);
			buildRules = (
			);
			dependencies = (
			);
			name = ThemeEngine;
			productName = ThemeEngine;
			productReference = B8D2ED412A053BA60040F198 /* ThemeEngine.framework */;
			productType = "com.apple.product-type.framework";
		};
/* End PBXNativeTarget section */

/* Begin PBXProject section */
		B8D2ED382A053BA60040F198 /* Project object */ = {
			isa = PBXProject;
			attributes = {
				BuildIndependentTargetsInParallel = 1;
				LastUpgradeCheck = 1430;
				TargetAttributes = {
					B8D2ED402A053BA60040F198 = {
						CreatedOnToolsVersion = 14.3;
					};
				};
			};
			buildConfigurationList = B8D2ED3B2A053BA60040F198 /* Build configuration list for PBXProject "ThemeEngine" */;
			compatibilityVersion = "Xcode 14.0";
			developmentRegion = en;
			hasScannedForEncodings = 0;
			knownRegions = (
				en,
				Base,
			);
			mainGroup = B8D2ED372A053BA60040F198;
			productRefGroup = B8D2ED422A053BA60040F198 /* Products */;
			projectDirPath = "";
			projectRoot = "";
			targets = (
				B8D2ED402A053BA60040F198 /* ThemeEngine */,
			);
		};
/* End PBXProject section */

/* Begin PBXResourcesBuildPhase section */
		B8D2ED3F2A053BA60040F198 /* Resources */ = {
			isa = PBXResourcesBuildPhase;
			buildActionMask = 2147483647;
			files = (
			);
			runOnlyForDeploymentPostprocessing = 0;
		};
/* End PBXResourcesBuildPhase section */

/* Begin PBXSourcesBuildPhase section */
		B8D2ED3D2A053BA60040F198 /* Sources */ = {
			isa = PBXSourcesBuildPhase;
			buildActionMask = 2147483647;
			files = (
				B8D2ED6D2A060EAF0040F198 /* UIViewDeallocHandler.swift in Sources */,
				B8D2ED6B2A05A1970040F198 /* ThemeApplicable.swift in Sources */,
				B8D2ED602A054C330040F198 /* Theme.swift in Sources */,
				B8D2ED652A054C930040F198 /* ThemeManager.swift in Sources */,
				B8D2ED692A059FC90040F198 /* UIView+Ext.swift in Sources */,
				B8D2ED4E2A053BBC0040F198 /* ThemeEngine.swift in Sources */,
				B8D2ED6F2A060FEE0040F198 /* Notification+Ext.swift in Sources */,
				B8D2ED5E2A054C1C0040F198 /* ThemeColorKey.swift in Sources */,
			);
			runOnlyForDeploymentPostprocessing = 0;
		};
/* End PBXSourcesBuildPhase section */

/* Begin XCBuildConfiguration section */
		B8D2ED482A053BA60040F198 /* Debug */ = {
			isa = XCBuildConfiguration;
			buildSettings = {
				ALWAYS_SEARCH_USER_PATHS = NO;
				CLANG_ANALYZER_NONNULL = YES;
				CLANG_ANALYZER_NUMBER_OBJECT_CONVERSION = YES_AGGRESSIVE;
				CLANG_CXX_LANGUAGE_STANDARD = "gnu++20";
				CLANG_ENABLE_MODULES = YES;
				CLANG_ENABLE_OBJC_ARC = YES;
				CLANG_ENABLE_OBJC_WEAK = YES;
				CLANG_WARN_BLOCK_CAPTURE_AUTORELEASING = YES;
				CLANG_WARN_BOOL_CONVERSION = YES;
				CLANG_WARN_COMMA = YES;
				CLANG_WARN_CONSTANT_CONVERSION = YES;
				CLANG_WARN_DEPRECATED_OBJC_IMPLEMENTATIONS = YES;
				CLANG_WARN_DIRECT_OBJC_ISA_USAGE = YES_ERROR;
				CLANG_WARN_DOCUMENTATION_COMMENTS = YES;
				CLANG_WARN_EMPTY_BODY = YES;
				CLANG_WARN_ENUM_CONVERSION = YES;
				CLANG_WARN_INFINITE_RECURSION = YES;
				CLANG_WARN_INT_CONVERSION = YES;
				CLANG_WARN_NON_LITERAL_NULL_CONVERSION = YES;
				CLANG_WARN_OBJC_IMPLICIT_RETAIN_SELF = YES;
				CLANG_WARN_OBJC_LITERAL_CONVERSION = YES;
				CLANG_WARN_OBJC_ROOT_CLASS = YES_ERROR;
				CLANG_WARN_QUOTED_INCLUDE_IN_FRAMEWORK_HEADER = YES;
				CLANG_WARN_RANGE_LOOP_ANALYSIS = YES;
				CLANG_WARN_STRICT_PROTOTYPES = YES;
				CLANG_WARN_SUSPICIOUS_MOVE = YES;
				CLANG_WARN_UNGUARDED_AVAILABILITY = YES_AGGRESSIVE;
				CLANG_WARN_UNREACHABLE_CODE = YES;
				CLANG_WARN__DUPLICATE_METHOD_MATCH = YES;
				COPY_PHASE_STRIP = NO;
				CURRENT_PROJECT_VERSION = 1;
				DEBUG_INFORMATION_FORMAT = dwarf;
				ENABLE_STRICT_OBJC_MSGSEND = YES;
				ENABLE_TESTABILITY = YES;
				GCC_C_LANGUAGE_STANDARD = gnu11;
				GCC_DYNAMIC_NO_PIC = NO;
				GCC_NO_COMMON_BLOCKS = YES;
				GCC_OPTIMIZATION_LEVEL = 0;
				GCC_PREPROCESSOR_DEFINITIONS = (
					"DEBUG=1",
					"$(inherited)",
				);
				GCC_WARN_64_TO_32_BIT_CONVERSION = YES;
				GCC_WARN_ABOUT_RETURN_TYPE = YES_ERROR;
				GCC_WARN_UNDECLARED_SELECTOR = YES;
				GCC_WARN_UNINITIALIZED_AUTOS = YES_AGGRESSIVE;
				GCC_WARN_UNUSED_FUNCTION = YES;
				GCC_WARN_UNUSED_VARIABLE = YES;
				IPHONEOS_DEPLOYMENT_TARGET = 14.0;
				MTL_ENABLE_DEBUG_INFO = INCLUDE_SOURCE;
				MTL_FAST_MATH = YES;
				ONLY_ACTIVE_ARCH = YES;
				SDKROOT = iphoneos;
				SWIFT_ACTIVE_COMPILATION_CONDITIONS = DEBUG;
				SWIFT_OPTIMIZATION_LEVEL = "-Onone";
				VERSIONING_SYSTEM = "apple-generic";
				VERSION_INFO_PREFIX = "";
			};
			name = Debug;
		};
		B8D2ED492A053BA60040F198 /* Release */ = {
			isa = XCBuildConfiguration;
			buildSettings = {
				ALWAYS_SEARCH_USER_PATHS = NO;
				CLANG_ANALYZER_NONNULL = YES;
				CLANG_ANALYZER_NUMBER_OBJECT_CONVERSION = YES_AGGRESSIVE;
				CLANG_CXX_LANGUAGE_STANDARD = "gnu++20";
				CLANG_ENABLE_MODULES = YES;
				CLANG_ENABLE_OBJC_ARC = YES;
				CLANG_ENABLE_OBJC_WEAK = YES;
				CLANG_WARN_BLOCK_CAPTURE_AUTORELEASING = YES;
				CLANG_WARN_BOOL_CONVERSION = YES;
				CLANG_WARN_COMMA = YES;
				CLANG_WARN_CONSTANT_CONVERSION = YES;
				CLANG_WARN_DEPRECATED_OBJC_IMPLEMENTATIONS = YES;
				CLANG_WARN_DIRECT_OBJC_ISA_USAGE = YES_ERROR;
				CLANG_WARN_DOCUMENTATION_COMMENTS = YES;
				CLANG_WARN_EMPTY_BODY = YES;
				CLANG_WARN_ENUM_CONVERSION = YES;
				CLANG_WARN_INFINITE_RECURSION = YES;
				CLANG_WARN_INT_CONVERSION = YES;
				CLANG_WARN_NON_LITERAL_NULL_CONVERSION = YES;
				CLANG_WARN_OBJC_IMPLICIT_RETAIN_SELF = YES;
				CLANG_WARN_OBJC_LITERAL_CONVERSION = YES;
				CLANG_WARN_OBJC_ROOT_CLASS = YES_ERROR;
				CLANG_WARN_QUOTED_INCLUDE_IN_FRAMEWORK_HEADER = YES;
				CLANG_WARN_RANGE_LOOP_ANALYSIS = YES;
				CLANG_WARN_STRICT_PROTOTYPES = YES;
				CLANG_WARN_SUSPICIOUS_MOVE = YES;
				CLANG_WARN_UNGUARDED_AVAILABILITY = YES_AGGRESSIVE;
				CLANG_WARN_UNREACHABLE_CODE = YES;
				CLANG_WARN__DUPLICATE_METHOD_MATCH = YES;
				COPY_PHASE_STRIP = NO;
				CURRENT_PROJECT_VERSION = 1;
				DEBUG_INFORMATION_FORMAT = "dwarf-with-dsym";
				ENABLE_NS_ASSERTIONS = NO;
				ENABLE_STRICT_OBJC_MSGSEND = YES;
				GCC_C_LANGUAGE_STANDARD = gnu11;
				GCC_NO_COMMON_BLOCKS = YES;
				GCC_WARN_64_TO_32_BIT_CONVERSION = YES;
				GCC_WARN_ABOUT_RETURN_TYPE = YES_ERROR;
				GCC_WARN_UNDECLARED_SELECTOR = YES;
				GCC_WARN_UNINITIALIZED_AUTOS = YES_AGGRESSIVE;
				GCC_WARN_UNUSED_FUNCTION = YES;
				GCC_WARN_UNUSED_VARIABLE = YES;
				IPHONEOS_DEPLOYMENT_TARGET = 14.0;
				MTL_ENABLE_DEBUG_INFO = NO;
				MTL_FAST_MATH = YES;
				SDKROOT = iphoneos;
				SWIFT_COMPILATION_MODE = wholemodule;
				SWIFT_OPTIMIZATION_LEVEL = "-O";
				VALIDATE_PRODUCT = YES;
				VERSIONING_SYSTEM = "apple-generic";
				VERSION_INFO_PREFIX = "";
			};
			name = Release;
		};
		B8D2ED4B2A053BA60040F198 /* Debug */ = {
			isa = XCBuildConfiguration;
			buildSettings = {
				CODE_SIGN_STYLE = Automatic;
				CURRENT_PROJECT_VERSION = 1;
				DEFINES_MODULE = YES;
				DEVELOPMENT_TEAM = 6L8226NSJT;
				DYLIB_COMPATIBILITY_VERSION = 1;
				DYLIB_CURRENT_VERSION = 1;
				DYLIB_INSTALL_NAME_BASE = "@rpath";
				ENABLE_MODULE_VERIFIER = YES;
				GENERATE_INFOPLIST_FILE = YES;
				INFOPLIST_KEY_NSHumanReadableCopyright = "";
				INSTALL_PATH = "$(LOCAL_LIBRARY_DIR)/Frameworks";
				IPHONEOS_DEPLOYMENT_TARGET = 14.0;
				LD_RUNPATH_SEARCH_PATHS = (
					"$(inherited)",
					"@executable_path/Frameworks",
					"@loader_path/Frameworks",
				);
				MARKETING_VERSION = 1.0;
				MODULE_VERIFIER_SUPPORTED_LANGUAGES = "objective-c objective-c++";
				MODULE_VERIFIER_SUPPORTED_LANGUAGE_STANDARDS = "gnu11 gnu++20";
				PRODUCT_BUNDLE_IDENTIFIER = nrkk.ThemeEngine;
				PRODUCT_NAME = "$(TARGET_NAME:c99extidentifier)";
				SKIP_INSTALL = YES;
				SWIFT_EMIT_LOC_STRINGS = YES;
				SWIFT_VERSION = 5.0;
				TARGETED_DEVICE_FAMILY = "1,2";
			};
			name = Debug;
		};
		B8D2ED4C2A053BA60040F198 /* Release */ = {
			isa = XCBuildConfiguration;
			buildSettings = {
				CODE_SIGN_STYLE = Automatic;
				CURRENT_PROJECT_VERSION = 1;
				DEFINES_MODULE = YES;
				DEVELOPMENT_TEAM = 6L8226NSJT;
				DYLIB_COMPATIBILITY_VERSION = 1;
				DYLIB_CURRENT_VERSION = 1;
				DYLIB_INSTALL_NAME_BASE = "@rpath";
				ENABLE_MODULE_VERIFIER = YES;
				GENERATE_INFOPLIST_FILE = YES;
				INFOPLIST_KEY_NSHumanReadableCopyright = "";
				INSTALL_PATH = "$(LOCAL_LIBRARY_DIR)/Frameworks";
				IPHONEOS_DEPLOYMENT_TARGET = 14.0;
				LD_RUNPATH_SEARCH_PATHS = (
					"$(inherited)",
					"@executable_path/Frameworks",
					"@loader_path/Frameworks",
				);
				MARKETING_VERSION = 1.0;
				MODULE_VERIFIER_SUPPORTED_LANGUAGES = "objective-c objective-c++";
				MODULE_VERIFIER_SUPPORTED_LANGUAGE_STANDARDS = "gnu11 gnu++20";
				PRODUCT_BUNDLE_IDENTIFIER = nrkk.ThemeEngine;
				PRODUCT_NAME = "$(TARGET_NAME:c99extidentifier)";
				SKIP_INSTALL = YES;
				SWIFT_EMIT_LOC_STRINGS = YES;
				SWIFT_VERSION = 5.0;
				TARGETED_DEVICE_FAMILY = "1,2";
			};
			name = Release;
		};
/* End XCBuildConfiguration section */

/* Begin XCConfigurationList section */
		B8D2ED3B2A053BA60040F198 /* Build configuration list for PBXProject "ThemeEngine" */ = {
			isa = XCConfigurationList;
			buildConfigurations = (
				B8D2ED482A053BA60040F198 /* Debug */,
				B8D2ED492A053BA60040F198 /* Release */,
			);
			defaultConfigurationIsVisible = 0;
			defaultConfigurationName = Release;
		};
		B8D2ED4A2A053BA60040F198 /* Build configuration list for PBXNativeTarget "ThemeEngine" */ = {
			isa = XCConfigurationList;
			buildConfigurations = (
				B8D2ED4B2A053BA60040F198 /* Debug */,
				B8D2ED4C2A053BA60040F198 /* Release */,
			);
			defaultConfigurationIsVisible = 0;
			defaultConfigurationName = Release;
		};
/* End XCConfigurationList section */
	};
	rootObject = B8D2ED382A053BA60040F198 /* Project object */;
}
