// !$*UTF8*$!
{
	archiveVersion = 1;
	classes = {
	};
	objectVersion = 56;
	objects = {

/* Begin PBXBuildFile section */
		7324494D4898F52C73B9E828 /* Pods_ThemeEngineExample.framework in Frameworks */ = {isa = PBXBuildFile; fileRef = 018C4D31FE10CBC10FADB94B /* Pods_ThemeEngineExample.framework */; };
		B8CF855D2A06367A006BCFBC /* AppDelegate.swift in Sources */ = {isa = PBXBuildFile; fileRef = B8CF855C2A06367A006BCFBC /* AppDelegate.swift */; };
		B8CF855F2A06367A006BCFBC /* SceneDelegate.swift in Sources */ = {isa = PBXBuildFile; fileRef = B8CF855E2A06367A006BCFBC /* SceneDelegate.swift */; };
		B8CF85612A06367A006BCFBC /* ViewController.swift in Sources */ = {isa = PBXBuildFile; fileRef = B8CF85602A06367A006BCFBC /* ViewController.swift */; };
		B8CF85642A06367A006BCFBC /* Main.storyboard in Resources */ = {isa = PBXBuildFile; fileRef = B8CF85622A06367A006BCFBC /* Main.storyboard */; };
		B8CF85662A06367B006BCFBC /* Assets.xcassets in Resources */ = {isa = PBXBuildFile; fileRef = B8CF85652A06367B006BCFBC /* Assets.xcassets */; };
		B8CF85692A06367B006BCFBC /* LaunchScreen.storyboard in Resources */ = {isa = PBXBuildFile; fileRef = B8CF85672A06367B006BCFBC /* LaunchScreen.storyboard */; };
/* End PBXBuildFile section */

/* Begin PBXFileReference section */
		018C4D31FE10CBC10FADB94B /* Pods_ThemeEngineExample.framework */ = {isa = PBXFileReference; explicitFileType = wrapper.framework; includeInIndex = 0; path = Pods_ThemeEngineExample.framework; sourceTree = BUILT_PRODUCTS_DIR; };
		B101C2287D7CB2267FD3E352 /* Pods-ThemeEngineExample.release.xcconfig */ = {isa = PBXFileReference; includeInIndex = 1; lastKnownFileType = text.xcconfig; name = "Pods-ThemeEngineExample.release.xcconfig"; path = "Target Support Files/Pods-ThemeEngineExample/Pods-ThemeEngineExample.release.xcconfig"; sourceTree = "<group>"; };
		B8CF85592A06367A006BCFBC /* ThemeEngineExample.app */ = {isa = PBXFileReference; explicitFileType = wrapper.application; includeInIndex = 0; path = ThemeEngineExample.app; sourceTree = BUILT_PRODUCTS_DIR; };
		B8CF855C2A06367A006BCFBC /* AppDelegate.swift */ = {isa = PBXFileReference; lastKnownFileType = sourcecode.swift; path = AppDelegate.swift; sourceTree = "<group>"; };
		B8CF855E2A06367A006BCFBC /* SceneDelegate.swift */ = {isa = PBXFileReference; lastKnownFileType = sourcecode.swift; path = SceneDelegate.swift; sourceTree = "<group>"; };
		B8CF85602A06367A006BCFBC /* ViewController.swift */ = {isa = PBXFileReference; lastKnownFileType = sourcecode.swift; path = ViewController.swift; sourceTree = "<group>"; };
		B8CF85632A06367A006BCFBC /* Base */ = {isa = PBXFileReference; lastKnownFileType = file.storyboard; name = Base; path = Base.lproj/Main.storyboard; sourceTree = "<group>"; };
		B8CF85652A06367B006BCFBC /* Assets.xcassets */ = {isa = PBXFileReference; lastKnownFileType = folder.assetcatalog; path = Assets.xcassets; sourceTree = "<group>"; };
		B8CF85682A06367B006BCFBC /* Base */ = {isa = PBXFileReference; lastKnownFileType = file.storyboard; name = Base; path = Base.lproj/LaunchScreen.storyboard; sourceTree = "<group>"; };
		B8CF856A2A06367B006BCFBC /* Info.plist */ = {isa = PBXFileReference; lastKnownFileType = text.plist.xml; path = Info.plist; sourceTree = "<group>"; };
		DDF52D153369DA38BD845D20 /* Pods-ThemeEngineExample.debug.xcconfig */ = {isa = PBXFileReference; includeInIndex = 1; lastKnownFileType = text.xcconfig; name = "Pods-ThemeEngineExample.debug.xcconfig"; path = "Target Support Files/Pods-ThemeEngineExample/Pods-ThemeEngineExample.debug.xcconfig"; sourceTree = "<group>"; };
/* End PBXFileReference section */

/* Begin PBXFrameworksBuildPhase section */
		B8CF85562A06367A006BCFBC /* Frameworks */ = {
			isa = PBXFrameworksBuildPhase;
			buildActionMask = 2147483647;
			files = (
				7324494D4898F52C73B9E828 /* Pods_ThemeEngineExample.framework in Frameworks */,
			);
			runOnlyForDeploymentPostprocessing = 0;
		};
/* End PBXFrameworksBuildPhase section */

/* Begin PBXGroup section */
		0DDC7E716732B0C1575628B0 /* Pods */ = {
			isa = PBXGroup;
			children = (
				DDF52D153369DA38BD845D20 /* Pods-ThemeEngineExample.debug.xcconfig */,
				B101C2287D7CB2267FD3E352 /* Pods-ThemeEngineExample.release.xcconfig */,
			);
			name = Pods;
			path = Pods;
			sourceTree = "<group>";
		};
		4E6CCD2567068B4AA0B5049F /* Frameworks */ = {
			isa = PBXGroup;
			children = (
				018C4D31FE10CBC10FADB94B /* Pods_ThemeEngineExample.framework */,
			);
			name = Frameworks;
			sourceTree = "<group>";
		};
		B8CF85502A06367A006BCFBC = {
			isa = PBXGroup;
			children = (
				B8CF855B2A06367A006BCFBC /* ThemeEngineExample */,
				B8CF855A2A06367A006BCFBC /* Products */,
				0DDC7E716732B0C1575628B0 /* Pods */,
				4E6CCD2567068B4AA0B5049F /* Frameworks */,
			);
			sourceTree = "<group>";
		};
		B8CF855A2A06367A006BCFBC /* Products */ = {
			isa = PBXGroup;
			children = (
				B8CF85592A06367A006BCFBC /* ThemeEngineExample.app */,
			);
			name = Products;
			sourceTree = "<group>";
		};
		B8CF855B2A06367A006BCFBC /* ThemeEngineExample */ = {
			isa = PBXGroup;
			children = (
				B8CF855C2A06367A006BCFBC /* AppDelegate.swift */,
				B8CF855E2A06367A006BCFBC /* SceneDelegate.swift */,
				B8CF85602A06367A006BCFBC /* ViewController.swift */,
				B8CF85622A06367A006BCFBC /* Main.storyboard */,
				B8CF85652A06367B006BCFBC /* Assets.xcassets */,
				B8CF85672A06367B006BCFBC /* LaunchScreen.storyboard */,
				B8CF856A2A06367B006BCFBC /* Info.plist */,
			);
			path = ThemeEngineExample;
			sourceTree = "<group>";
		};
/* End PBXGroup section */

/* Begin PBXNativeTarget section */
		B8CF85582A06367A006BCFBC /* ThemeEngineExample */ = {
			isa = PBXNativeTarget;
			buildConfigurationList = B8CF856D2A06367B006BCFBC /* Build configuration list for PBXNativeTarget "ThemeEngineExample" */;
			buildPhases = (
				AA58896F0550A816FB4F5849 /* [CP] Check Pods Manifest.lock */,
				B8CF85552A06367A006BCFBC /* Sources */,
				B8CF85562A06367A006BCFBC /* Frameworks */,
				B8CF85572A06367A006BCFBC /* Resources */,
				3CAFC44A318505607086396D /* [CP] Embed Pods Frameworks */,
			);
			buildRules = (
			);
			dependencies = (
			);
			name = ThemeEngineExample;
			productName = ThemeEngineExample;
			productReference = B8CF85592A06367A006BCFBC /* ThemeEngineExample.app */;
			productType = "com.apple.product-type.application";
		};
/* End PBXNativeTarget section */

/* Begin PBXProject section */
		B8CF85512A06367A006BCFBC /* Project object */ = {
			isa = PBXProject;
			attributes = {
				BuildIndependentTargetsInParallel = 1;
				LastSwiftUpdateCheck = 1430;
				LastUpgradeCheck = 1430;
				TargetAttributes = {
					B8CF85582A06367A006BCFBC = {
						CreatedOnToolsVersion = 14.3;
					};
				};
			};
			buildConfigurationList = B8CF85542A06367A006BCFBC /* Build configuration list for PBXProject "ThemeEngineExample" */;
			compatibilityVersion = "Xcode 14.0";
			developmentRegion = en;
			hasScannedForEncodings = 0;
			knownRegions = (
				en,
				Base,
			);
			mainGroup = B8CF85502A06367A006BCFBC;
			productRefGroup = B8CF855A2A06367A006BCFBC /* Products */;
			projectDirPath = "";
			projectRoot = "";
			targets = (
				B8CF85582A06367A006BCFBC /* ThemeEngineExample */,
			);
		};
/* End PBXProject section */

/* Begin PBXResourcesBuildPhase section */
		B8CF85572A06367A006BCFBC /* Resources */ = {
			isa = PBXResourcesBuildPhase;
			buildActionMask = 2147483647;
			files = (
				B8CF85692A06367B006BCFBC /* LaunchScreen.storyboard in Resources */,
				B8CF85662A06367B006BCFBC /* Assets.xcassets in Resources */,
				B8CF85642A06367A006BCFBC /* Main.storyboard in Resources */,
			);
			runOnlyForDeploymentPostprocessing = 0;
		};
/* End PBXResourcesBuildPhase section */

/* Begin PBXShellScriptBuildPhase section */
		3CAFC44A318505607086396D /* [CP] Embed Pods Frameworks */ = {
			isa = PBXShellScriptBuildPhase;
			buildActionMask = 2147483647;
			files = (
			);
			inputFileListPaths = (
				"${PODS_ROOT}/Target Support Files/Pods-ThemeEngineExample/Pods-ThemeEngineExample-frameworks-${CONFIGURATION}-input-files.xcfilelist",
			);
			name = "[CP] Embed Pods Frameworks";
			outputFileListPaths = (
				"${PODS_ROOT}/Target Support Files/Pods-ThemeEngineExample/Pods-ThemeEngineExample-frameworks-${CONFIGURATION}-output-files.xcfilelist",
			);
			runOnlyForDeploymentPostprocessing = 0;
			shellPath = /bin/sh;
			shellScript = "\"${PODS_ROOT}/Target Support Files/Pods-ThemeEngineExample/Pods-ThemeEngineExample-frameworks.sh\"\n";
			showEnvVarsInLog = 0;
		};
		AA58896F0550A816FB4F5849 /* [CP] Check Pods Manifest.lock */ = {
			isa = PBXShellScriptBuildPhase;
			buildActionMask = 2147483647;
			files = (
			);
			inputFileListPaths = (
			);
			inputPaths = (
				"${PODS_PODFILE_DIR_PATH}/Podfile.lock",
				"${PODS_ROOT}/Manifest.lock",
			);
			name = "[CP] Check Pods Manifest.lock";
			outputFileListPaths = (
			);
			outputPaths = (
				"$(DERIVED_FILE_DIR)/Pods-ThemeEngineExample-checkManifestLockResult.txt",
			);
			runOnlyForDeploymentPostprocessing = 0;
			shellPath = /bin/sh;
			shellScript = "diff \"${PODS_PODFILE_DIR_PATH}/Podfile.lock\" \"${PODS_ROOT}/Manifest.lock\" > /dev/null\nif [ $? != 0 ] ; then\n    # print error to STDERR\n    echo \"error: The sandbox is not in sync with the Podfile.lock. Run 'pod install' or update your CocoaPods installation.\" >&2\n    exit 1\nfi\n# This output is used by Xcode 'outputs' to avoid re-running this script phase.\necho \"SUCCESS\" > \"${SCRIPT_OUTPUT_FILE_0}\"\n";
			showEnvVarsInLog = 0;
		};
/* End PBXShellScriptBuildPhase section */

/* Begin PBXSourcesBuildPhase section */
		B8CF85552A06367A006BCFBC /* Sources */ = {
			isa = PBXSourcesBuildPhase;
			buildActionMask = 2147483647;
			files = (
				B8CF85612A06367A006BCFBC /* ViewController.swift in Sources */,
				B8CF855D2A06367A006BCFBC /* AppDelegate.swift in Sources */,
				B8CF855F2A06367A006BCFBC /* SceneDelegate.swift in Sources */,
			);
			runOnlyForDeploymentPostprocessing = 0;
		};
/* End PBXSourcesBuildPhase section */

/* Begin PBXVariantGroup section */
		B8CF85622A06367A006BCFBC /* Main.storyboard */ = {
			isa = PBXVariantGroup;
			children = (
				B8CF85632A06367A006BCFBC /* Base */,
			);
			name = Main.storyboard;
			sourceTree = "<group>";
		};
		B8CF85672A06367B006BCFBC /* LaunchScreen.storyboard */ = {
			isa = PBXVariantGroup;
			children = (
				B8CF85682A06367B006BCFBC /* Base */,
			);
			name = LaunchScreen.storyboard;
			sourceTree = "<group>";
		};
/* End PBXVariantGroup section */

/* Begin XCBuildConfiguration section */
		B8CF856B2A06367B006BCFBC /* Debug */ = {
			isa = XCBuildConfiguration;
			buildSettings = {
				ALWAYS_SEARCH_USER_PATHS = NO;
				CLANG_ANALYZER_NONNULL = YES;
				CLANG_ANALYZER_NUMBER_OBJECT_CONVERSION = YES_AGGRESSIVE;
				CLANG_CXX_LANGUAGE_STANDARD = "gnu++20";
				CLANG_ENABLE_MODULES = YES;
				CLANG_ENABLE_OBJC_ARC = YES;
				CLANG_ENABLE_OBJC_WEAK = YES;
				CLANG_WARN_BLOCK_CAPTURE_AUTORELEASING = YES;
				CLANG_WARN_BOOL_CONVERSION = YES;
				CLANG_WARN_COMMA = YES;
				CLANG_WARN_CONSTANT_CONVERSION = YES;
				CLANG_WARN_DEPRECATED_OBJC_IMPLEMENTATIONS = YES;
				CLANG_WARN_DIRECT_OBJC_ISA_USAGE = YES_ERROR;
				CLANG_WARN_DOCUMENTATION_COMMENTS = YES;
				CLANG_WARN_EMPTY_BODY = YES;
				CLANG_WARN_ENUM_CONVERSION = YES;
				CLANG_WARN_INFINITE_RECURSION = YES;
				CLANG_WARN_INT_CONVERSION = YES;
				CLANG_WARN_NON_LITERAL_NULL_CONVERSION = YES;
				CLANG_WARN_OBJC_IMPLICIT_RETAIN_SELF = YES;
				CLANG_WARN_OBJC_LITERAL_CONVERSION = YES;
				CLANG_WARN_OBJC_ROOT_CLASS = YES_ERROR;
				CLANG_WARN_QUOTED_INCLUDE_IN_FRAMEWORK_HEADER = YES;
				CLANG_WARN_RANGE_LOOP_ANALYSIS = YES;
				CLANG_WARN_STRICT_PROTOTYPES = YES;
				CLANG_WARN_SUSPICIOUS_MOVE = YES;
				CLANG_WARN_UNGUARDED_AVAILABILITY = YES_AGGRESSIVE;
				CLANG_WARN_UNREACHABLE_CODE = YES;
				CLANG_WARN__DUPLICATE_METHOD_MATCH = YES;
				COPY_PHASE_STRIP = NO;
				DEBUG_INFORMATION_FORMAT = dwarf;
				ENABLE_STRICT_OBJC_MSGSEND = YES;
				ENABLE_TESTABILITY = YES;
				GCC_C_LANGUAGE_STANDARD = gnu11;
				GCC_DYNAMIC_NO_PIC = NO;
				GCC_NO_COMMON_BLOCKS = YES;
				GCC_OPTIMIZATION_LEVEL = 0;
				GCC_PREPROCESSOR_DEFINITIONS = (
					"DEBUG=1",
					"$(inherited)",
				);
				GCC_WARN_64_TO_32_BIT_CONVERSION = YES;
				GCC_WARN_ABOUT_RETURN_TYPE = YES_ERROR;
				GCC_WARN_UNDECLARED_SELECTOR = YES;
				GCC_WARN_UNINITIALIZED_AUTOS = YES_AGGRESSIVE;
				GCC_WARN_UNUSED_FUNCTION = YES;
				GCC_WARN_UNUSED_VARIABLE = YES;
				IPHONEOS_DEPLOYMENT_TARGET = 16.4;
				MTL_ENABLE_DEBUG_INFO = INCLUDE_SOURCE;
				MTL_FAST_MATH = YES;
				ONLY_ACTIVE_ARCH = YES;
				SDKROOT = iphoneos;
				SWIFT_ACTIVE_COMPILATION_CONDITIONS = DEBUG;
				SWIFT_OPTIMIZATION_LEVEL = "-Onone";
			};
			name = Debug;
		};
		B8CF856C2A06367B006BCFBC /* Release */ = {
			isa = XCBuildConfiguration;
			buildSettings = {
				ALWAYS_SEARCH_USER_PATHS = NO;
				CLANG_ANALYZER_NONNULL = YES;
				CLANG_ANALYZER_NUMBER_OBJECT_CONVERSION = YES_AGGRESSIVE;
				CLANG_CXX_LANGUAGE_STANDARD = "gnu++20";
				CLANG_ENABLE_MODULES = YES;
				CLANG_ENABLE_OBJC_ARC = YES;
				CLANG_ENABLE_OBJC_WEAK = YES;
				CLANG_WARN_BLOCK_CAPTURE_AUTORELEASING = YES;
				CLANG_WARN_BOOL_CONVERSION = YES;
				CLANG_WARN_COMMA = YES;
				CLANG_WARN_CONSTANT_CONVERSION = YES;
				CLANG_WARN_DEPRECATED_OBJC_IMPLEMENTATIONS = YES;
				CLANG_WARN_DIRECT_OBJC_ISA_USAGE = YES_ERROR;
				CLANG_WARN_DOCUMENTATION_COMMENTS = YES;
				CLANG_WARN_EMPTY_BODY = YES;
				CLANG_WARN_ENUM_CONVERSION = YES;
				CLANG_WARN_INFINITE_RECURSION = YES;
				CLANG_WARN_INT_CONVERSION = YES;
				CLANG_WARN_NON_LITERAL_NULL_CONVERSION = YES;
				CLANG_WARN_OBJC_IMPLICIT_RETAIN_SELF = YES;
				CLANG_WARN_OBJC_LITERAL_CONVERSION = YES;
				CLANG_WARN_OBJC_ROOT_CLASS = YES_ERROR;
				CLANG_WARN_QUOTED_INCLUDE_IN_FRAMEWORK_HEADER = YES;
				CLANG_WARN_RANGE_LOOP_ANALYSIS = YES;
				CLANG_WARN_STRICT_PROTOTYPES = YES;
				CLANG_WARN_SUSPICIOUS_MOVE = YES;
				CLANG_WARN_UNGUARDED_AVAILABILITY = YES_AGGRESSIVE;
				CLANG_WARN_UNREACHABLE_CODE = YES;
				CLANG_WARN__DUPLICATE_METHOD_MATCH = YES;
				COPY_PHASE_STRIP = NO;
				DEBUG_INFORMATION_FORMAT = "dwarf-with-dsym";
				ENABLE_NS_ASSERTIONS = NO;
				ENABLE_STRICT_OBJC_MSGSEND = YES;
				GCC_C_LANGUAGE_STANDARD = gnu11;
				GCC_NO_COMMON_BLOCKS = YES;
				GCC_WARN_64_TO_32_BIT_CONVERSION = YES;
				GCC_WARN_ABOUT_RETURN_TYPE = YES_ERROR;
				GCC_WARN_UNDECLARED_SELECTOR = YES;
				GCC_WARN_UNINITIALIZED_AUTOS = YES_AGGRESSIVE;
				GCC_WARN_UNUSED_FUNCTION = YES;
				GCC_WARN_UNUSED_VARIABLE = YES;
				IPHONEOS_DEPLOYMENT_TARGET = 16.4;
				MTL_ENABLE_DEBUG_INFO = NO;
				MTL_FAST_MATH = YES;
				SDKROOT = iphoneos;
				SWIFT_COMPILATION_MODE = wholemodule;
				SWIFT_OPTIMIZATION_LEVEL = "-O";
				VALIDATE_PRODUCT = YES;
			};
			name = Release;
		};
		B8CF856E2A06367B006BCFBC /* Debug */ = {
			isa = XCBuildConfiguration;
			baseConfigurationReference = DDF52D153369DA38BD845D20 /* Pods-ThemeEngineExample.debug.xcconfig */;
			buildSettings = {
				ASSETCATALOG_COMPILER_APPICON_NAME = AppIcon;
				ASSETCATALOG_COMPILER_GLOBAL_ACCENT_COLOR_NAME = AccentColor;
				CODE_SIGN_STYLE = Automatic;
				CURRENT_PROJECT_VERSION = 1;
				DEVELOPMENT_TEAM = 6L8226NSJT;
				GENERATE_INFOPLIST_FILE = YES;
				INFOPLIST_FILE = ThemeEngineExample/Info.plist;
				INFOPLIST_KEY_UIApplicationSupportsIndirectInputEvents = YES;
				INFOPLIST_KEY_UILaunchStoryboardName = LaunchScreen;
				INFOPLIST_KEY_UIMainStoryboardFile = Main;
				INFOPLIST_KEY_UISupportedInterfaceOrientations_iPad = "UIInterfaceOrientationPortrait UIInterfaceOrientationPortraitUpsideDown UIInterfaceOrientationLandscapeLeft UIInterfaceOrientationLandscapeRight";
				INFOPLIST_KEY_UISupportedInterfaceOrientations_iPhone = "UIInterfaceOrientationPortrait UIInterfaceOrientationLandscapeLeft UIInterfaceOrientationLandscapeRight";
				LD_RUNPATH_SEARCH_PATHS = (
					"$(inherited)",
					"@executable_path/Frameworks",
				);
				MARKETING_VERSION = 1.0;
				PRODUCT_BUNDLE_IDENTIFIER = nrkk.ThemeEngineExample;
				PRODUCT_NAME = "$(TARGET_NAME)";
				SWIFT_EMIT_LOC_STRINGS = YES;
				SWIFT_VERSION = 5.0;
				TARGETED_DEVICE_FAMILY = "1,2";
			};
			name = Debug;
		};
		B8CF856F2A06367B006BCFBC /* Release */ = {
			isa = XCBuildConfiguration;
			baseConfigurationReference = B101C2287D7CB2267FD3E352 /* Pods-ThemeEngineExample.release.xcconfig */;
			buildSettings = {
				ASSETCATALOG_COMPILER_APPICON_NAME = AppIcon;
				ASSETCATALOG_COMPILER_GLOBAL_ACCENT_COLOR_NAME = AccentColor;
				CODE_SIGN_STYLE = Automatic;
				CURRENT_PROJECT_VERSION = 1;
				DEVELOPMENT_TEAM = 6L8226NSJT;
				GENERATE_INFOPLIST_FILE = YES;
				INFOPLIST_FILE = ThemeEngineExample/Info.plist;
				INFOPLIST_KEY_UIApplicationSupportsIndirectInputEvents = YES;
				INFOPLIST_KEY_UILaunchStoryboardName = LaunchScreen;
				INFOPLIST_KEY_UIMainStoryboardFile = Main;
				INFOPLIST_KEY_UISupportedInterfaceOrientations_iPad = "UIInterfaceOrientationPortrait UIInterfaceOrientationPortraitUpsideDown UIInterfaceOrientationLandscapeLeft UIInterfaceOrientationLandscapeRight";
				INFOPLIST_KEY_UISupportedInterfaceOrientations_iPhone = "UIInterfaceOrientationPortrait UIInterfaceOrientationLandscapeLeft UIInterfaceOrientationLandscapeRight";
				LD_RUNPATH_SEARCH_PATHS = (
					"$(inherited)",
					"@executable_path/Frameworks",
				);
				MARKETING_VERSION = 1.0;
				PRODUCT_BUNDLE_IDENTIFIER = nrkk.ThemeEngineExample;
				PRODUCT_NAME = "$(TARGET_NAME)";
				SWIFT_EMIT_LOC_STRINGS = YES;
				SWIFT_VERSION = 5.0;
				TARGETED_DEVICE_FAMILY = "1,2";
			};
			name = Release;
		};
/* End XCBuildConfiguration section */

/* Begin XCConfigurationList section */
		B8CF85542A06367A006BCFBC /* Build configuration list for PBXProject "ThemeEngineExample" */ = {
			isa = XCConfigurationList;
			buildConfigurations = (
				B8CF856B2A06367B006BCFBC /* Debug */,
				B8CF856C2A06367B006BCFBC /* Release */,
			);
			defaultConfigurationIsVisible = 0;
			defaultConfigurationName = Release;
		};
		B8CF856D2A06367B006BCFBC /* Build configuration list for PBXNativeTarget "ThemeEngineExample" */ = {
			isa = XCConfigurationList;
			buildConfigurations = (
				B8CF856E2A06367B006BCFBC /* Debug */,
				B8CF856F2A06367B006BCFBC /* Release */,
			);
			defaultConfigurationIsVisible = 0;
			defaultConfigurationName = Release;
		};
/* End XCConfigurationList section */
	};
	rootObject = B8CF85512A06367A006BCFBC /* Project object */;
}
